
Microsoft Visual Studio Solution File, Format Version 12.00
# Visual Studio 14
VisualStudioVersion = 14.0.25420.1
MinimumVisualStudioVersion = 10.0.40219.1
Project("{FAE04EC0-301F-11D3-BF4B-00C04F79EFBC}") = "ChallengeBD2.Web", "ChallengeBD2.Web\ChallengeBD2.Web.csproj", "{25D06A86-2947-4A73-86E4-41100CEFC924}"
EndProject
Project("{FAE04EC0-301F-11D3-BF4B-00C04F79EFBC}") = "ChallengeBD2.GerenciadorDeDados", "ChallengeBD2.GerenciadorDeDados\ChallengeBD2.GerenciadorDeDados.csproj", "{490D90F6-66BC-43E4-B93C-051D6D603C03}"
EndProject
Global
	GlobalSection(SolutionConfigurationPlatforms) = preSolution
		Debug|Any CPU = Debug|Any CPU
		Release|Any CPU = Release|Any CPU
	EndGlobalSection
	GlobalSection(ProjectConfigurationPlatforms) = postSolution
		{25D06A86-2947-4A73-86E4-41100CEFC924}.Debug|Any CPU.ActiveCfg = Debug|Any CPU
		{25D06A86-2947-4A73-86E4-41100CEFC924}.Debug|Any CPU.Build.0 = Debug|Any CPU
		{25D06A86-2947-4A73-86E4-41100CEFC924}.Release|Any CPU.ActiveCfg = Release|Any CPU
		{25D06A86-2947-4A73-86E4-41100CEFC924}.Release|Any CPU.Build.0 = Release|Any CPU
		{490D90F6-66BC-43E4-B93C-051D6D603C03}.Debug|Any CPU.ActiveCfg = Debug|Any CPU
		{490D90F6-66BC-43E4-B93C-051D6D603C03}.Debug|Any CPU.Build.0 = Debug|Any CPU
		{490D90F6-66BC-43E4-B93C-051D6D603C03}.Release|Any CPU.ActiveCfg = Release|Any CPU
		{490D90F6-66BC-43E4-B93C-051D6D603C03}.Release|Any CPU.Build.0 = Release|Any CPU
	EndGlobalSection
	GlobalSection(SolutionProperties) = preSolution
		HideSolutionNode = FALSE
	EndGlobalSection
EndGlobal
